
Microsoft Visual Studio Solution File, Format Version 12.00
Project("{FAE04EC0-301F-11D3-BF4B-00C04F79EFBC}") = "Lesson5", "Lesson5\Lesson5.csproj", "{DAE338C4-1896-4643-9059-9BD7B2454939}"
EndProject
Global
	GlobalSection(SolutionConfigurationPlatforms) = preSolution
		Debug|Any CPU = Debug|Any CPU
		Release|Any CPU = Release|Any CPU
	EndGlobalSection
	GlobalSection(ProjectConfigurationPlatforms) = postSolution
		{DAE338C4-1896-4643-9059-9BD7B2454939}.Debug|Any CPU.ActiveCfg = Debug|Any CPU
		{DAE338C4-1896-4643-9059-9BD7B2454939}.Debug|Any CPU.Build.0 = Debug|Any CPU
		{DAE338C4-1896-4643-9059-9BD7B2454939}.Release|Any CPU.ActiveCfg = Release|Any CPU
		{DAE338C4-1896-4643-9059-9BD7B2454939}.Release|Any CPU.Build.0 = Release|Any CPU
	EndGlobalSection
EndGlobal
